
Microsoft Visual Studio Solution File, Format Version 12.00
# Visual Studio Version 16
VisualStudioVersion = 16.0.30611.23
MinimumVisualStudioVersion = 10.0.40219.1
Project("{F184B08F-C81C-45F6-A57F-5ABD9991F28F}") = "AirplaneCollision", "AirplaneCollision\AirplaneCollision.vbproj", "{241E65A5-D74F-40A8-99F7-6B4D3CD9AB0A}"
EndProject
Global
	GlobalSection(SolutionConfigurationPlatforms) = preSolution
		Debug|Any CPU = Debug|Any CPU
		Release|Any CPU = Release|Any CPU
	EndGlobalSection
	GlobalSection(ProjectConfigurationPlatforms) = postSolution
		{241E65A5-D74F-40A8-99F7-6B4D3CD9AB0A}.Debug|Any CPU.ActiveCfg = Debug|Any CPU
		{241E65A5-D74F-40A8-99F7-6B4D3CD9AB0A}.Debug|Any CPU.Build.0 = Debug|Any CPU
		{241E65A5-D74F-40A8-99F7-6B4D3CD9AB0A}.Release|Any CPU.ActiveCfg = Release|Any CPU
		{241E65A5-D74F-40A8-99F7-6B4D3CD9AB0A}.Release|Any CPU.Build.0 = Release|Any CPU
	EndGlobalSection
	GlobalSection(SolutionProperties) = preSolution
		HideSolutionNode = FALSE
	EndGlobalSection
	GlobalSection(ExtensibilityGlobals) = postSolution
		SolutionGuid = {DEB3A3E3-8BF6-49E7-BB88-3119E1CFEB09}
	EndGlobalSection
EndGlobal
